
Microsoft Visual Studio Solution File, Format Version 12.00
# Visual Studio Version 17
VisualStudioVersion = 17.12.35506.116
MinimumVisualStudioVersion = 10.0.40219.1
Project("{2150E333-8FDC-42A3-9474-1A3956D46DE8}") = "test", "test", "{A857AD10-40FF-4303-BEC2-FF1C58D5735E}"
EndProject
Project("{9A19103F-16F7-4668-BE54-9A1E7A4F7556}") = "INetApp", "INetApp.Core\INetApp.csproj", "{E80D4419-AE6C-437B-8970-D734F2059C8A}"
EndProject
Project("{FAE04EC0-301F-11D3-BF4B-00C04F79EFBC}") = "INetApp.Droid", "INetApp.Droid\INetApp.Droid.csproj", "{62DBB163-9CA9-4818-B48B-13233DF37C24}"
EndProject
Project("{FAE04EC0-301F-11D3-BF4B-00C04F79EFBC}") = "INetApp.iOS", "INetApp.iOS\INetApp.iOS.csproj", "{6EEB23DC-7063-4444-9AF8-90DF24F549C0}"
EndProject
Project("{9A19103F-16F7-4668-BE54-9A1E7A4F7556}") = "INetApp.APIWebServices", "INetApp.APIWebServices\INetApp.APIWebServices.csproj", "{1C8EC3BC-6307-45FB-9CCA-8EDD44377919}"
EndProject
Project("{9A19103F-16F7-4668-BE54-9A1E7A4F7556}") = "INetApp.Model", "INetApp.Model\INetApp.Model.csproj", "{DBA33CB6-862A-45FA-A017-423442726534}"
EndProject
Project("{FAE04EC0-301F-11D3-BF4B-00C04F79EFBC}") = "INetApp.UWP", "INetApp.UWP\INetApp.UWP.csproj", "{C3C1E2CF-B1F7-4654-BBDC-50143DB22E0B}"
EndProject
Project("{9A19103F-16F7-4668-BE54-9A1E7A4F7556}") = "INetApp.NFC", "INetApp.NFC\INetApp.NFC.csproj", "{DB6E750C-1774-433D-9DAF-634D67F14EA6}"
EndProject
Global
	GlobalSection(SolutionConfigurationPlatforms) = preSolution
		Ad-Hoc|Any CPU = Ad-Hoc|Any CPU
		Ad-Hoc|ARM = Ad-Hoc|ARM
		Ad-Hoc|iPhone = Ad-Hoc|iPhone
		Ad-Hoc|iPhoneSimulator = Ad-Hoc|iPhoneSimulator
		Ad-Hoc|x64 = Ad-Hoc|x64
		Ad-Hoc|x86 = Ad-Hoc|x86
		AppStore|Any CPU = AppStore|Any CPU
		AppStore|ARM = AppStore|ARM
		AppStore|iPhone = AppStore|iPhone
		AppStore|iPhoneSimulator = AppStore|iPhoneSimulator
		AppStore|x64 = AppStore|x64
		AppStore|x86 = AppStore|x86
		Debug|Any CPU = Debug|Any CPU
		Debug|ARM = Debug|ARM
		Debug|iPhone = Debug|iPhone
		Debug|iPhoneSimulator = Debug|iPhoneSimulator
		Debug|x64 = Debug|x64
		Debug|x86 = Debug|x86
		Release|Any CPU = Release|Any CPU
		Release|ARM = Release|ARM
		Release|iPhone = Release|iPhone
		Release|iPhoneSimulator = Release|iPhoneSimulator
		Release|x64 = Release|x64
		Release|x86 = Release|x86
	EndGlobalSection
	GlobalSection(ProjectConfigurationPlatforms) = postSolution
		{E80D4419-AE6C-437B-8970-D734F2059C8A}.Ad-Hoc|Any CPU.ActiveCfg = Debug|Any CPU
		{E80D4419-AE6C-437B-8970-D734F2059C8A}.Ad-Hoc|Any CPU.Build.0 = Debug|Any CPU
		{E80D4419-AE6C-437B-8970-D734F2059C8A}.Ad-Hoc|ARM.ActiveCfg = Debug|Any CPU
		{E80D4419-AE6C-437B-8970-D734F2059C8A}.Ad-Hoc|ARM.Build.0 = Debug|Any CPU
		{E80D4419-AE6C-437B-8970-D734F2059C8A}.Ad-Hoc|iPhone.ActiveCfg = Debug|Any CPU
		{E80D4419-AE6C-437B-8970-D734F2059C8A}.Ad-Hoc|iPhone.Build.0 = Debug|Any CPU
		{E80D4419-AE6C-437B-8970-D734F2059C8A}.Ad-Hoc|iPhoneSimulator.ActiveCfg = Debug|Any CPU
		{E80D4419-AE6C-437B-8970-D734F2059C8A}.Ad-Hoc|iPhoneSimulator.Build.0 = Debug|Any CPU
		{E80D4419-AE6C-437B-8970-D734F2059C8A}.Ad-Hoc|x64.ActiveCfg = Debug|Any CPU
		{E80D4419-AE6C-437B-8970-D734F2059C8A}.Ad-Hoc|x64.Build.0 = Debug|Any CPU
		{E80D4419-AE6C-437B-8970-D734F2059C8A}.Ad-Hoc|x86.ActiveCfg = Debug|Any CPU
		{E80D4419-AE6C-437B-8970-D734F2059C8A}.Ad-Hoc|x86.Build.0 = Debug|Any CPU
		{E80D4419-AE6C-437B-8970-D734F2059C8A}.AppStore|Any CPU.ActiveCfg = Debug|Any CPU
		{E80D4419-AE6C-437B-8970-D734F2059C8A}.AppStore|Any CPU.Build.0 = Debug|Any CPU
		{E80D4419-AE6C-437B-8970-D734F2059C8A}.AppStore|ARM.ActiveCfg = Debug|Any CPU
		{E80D4419-AE6C-437B-8970-D734F2059C8A}.AppStore|ARM.Build.0 = Debug|Any CPU
		{E80D4419-AE6C-437B-8970-D734F2059C8A}.AppStore|iPhone.ActiveCfg = Debug|Any CPU
		{E80D4419-AE6C-437B-8970-D734F2059C8A}.AppStore|iPhone.Build.0 = Debug|Any CPU
		{E80D4419-AE6C-437B-8970-D734F2059C8A}.AppStore|iPhoneSimulator.ActiveCfg = Debug|Any CPU
		{E80D4419-AE6C-437B-8970-D734F2059C8A}.AppStore|iPhoneSimulator.Build.0 = Debug|Any CPU
		{E80D4419-AE6C-437B-8970-D734F2059C8A}.AppStore|x64.ActiveCfg = Debug|Any CPU
		{E80D4419-AE6C-437B-8970-D734F2059C8A}.AppStore|x64.Build.0 = Debug|Any CPU
		{E80D4419-AE6C-437B-8970-D734F2059C8A}.AppStore|x86.ActiveCfg = Debug|Any CPU
		{E80D4419-AE6C-437B-8970-D734F2059C8A}.AppStore|x86.Build.0 = Debug|Any CPU
		{E80D4419-AE6C-437B-8970-D734F2059C8A}.Debug|Any CPU.ActiveCfg = Debug|Any CPU
		{E80D4419-AE6C-437B-8970-D734F2059C8A}.Debug|Any CPU.Build.0 = Debug|Any CPU
		{E80D4419-AE6C-437B-8970-D734F2059C8A}.Debug|ARM.ActiveCfg = Debug|Any CPU
		{E80D4419-AE6C-437B-8970-D734F2059C8A}.Debug|ARM.Build.0 = Debug|Any CPU
		{E80D4419-AE6C-437B-8970-D734F2059C8A}.Debug|iPhone.ActiveCfg = Debug|Any CPU
		{E80D4419-AE6C-437B-8970-D734F2059C8A}.Debug|iPhone.Build.0 = Debug|Any CPU
		{E80D4419-AE6C-437B-8970-D734F2059C8A}.Debug|iPhoneSimulator.ActiveCfg = Debug|Any CPU
		{E80D4419-AE6C-437B-8970-D734F2059C8A}.Debug|iPhoneSimulator.Build.0 = Debug|Any CPU
		{E80D4419-AE6C-437B-8970-D734F2059C8A}.Debug|x64.ActiveCfg = Debug|Any CPU
		{E80D4419-AE6C-437B-8970-D734F2059C8A}.Debug|x64.Build.0 = Debug|Any CPU
		{E80D4419-AE6C-437B-8970-D734F2059C8A}.Debug|x86.ActiveCfg = Debug|Any CPU
		{E80D4419-AE6C-437B-8970-D734F2059C8A}.Debug|x86.Build.0 = Debug|Any CPU
		{E80D4419-AE6C-437B-8970-D734F2059C8A}.Release|Any CPU.ActiveCfg = Release|Any CPU
		{E80D4419-AE6C-437B-8970-D734F2059C8A}.Release|Any CPU.Build.0 = Release|Any CPU
		{E80D4419-AE6C-437B-8970-D734F2059C8A}.Release|ARM.ActiveCfg = Release|Any CPU
		{E80D4419-AE6C-437B-8970-D734F2059C8A}.Release|ARM.Build.0 = Release|Any CPU
		{E80D4419-AE6C-437B-8970-D734F2059C8A}.Release|iPhone.ActiveCfg = Release|Any CPU
		{E80D4419-AE6C-437B-8970-D734F2059C8A}.Release|iPhone.Build.0 = Release|Any CPU
		{E80D4419-AE6C-437B-8970-D734F2059C8A}.Release|iPhoneSimulator.ActiveCfg = Release|Any CPU
		{E80D4419-AE6C-437B-8970-D734F2059C8A}.Release|iPhoneSimulator.Build.0 = Release|Any CPU
		{E80D4419-AE6C-437B-8970-D734F2059C8A}.Release|x64.ActiveCfg = Release|Any CPU
		{E80D4419-AE6C-437B-8970-D734F2059C8A}.Release|x64.Build.0 = Release|Any CPU
		{E80D4419-AE6C-437B-8970-D734F2059C8A}.Release|x86.ActiveCfg = Release|Any CPU
		{E80D4419-AE6C-437B-8970-D734F2059C8A}.Release|x86.Build.0 = Release|Any CPU
		{62DBB163-9CA9-4818-B48B-13233DF37C24}.Ad-Hoc|Any CPU.ActiveCfg = Debug|Any CPU
		{62DBB163-9CA9-4818-B48B-13233DF37C24}.Ad-Hoc|Any CPU.Build.0 = Debug|Any CPU
		{62DBB163-9CA9-4818-B48B-13233DF37C24}.Ad-Hoc|Any CPU.Deploy.0 = Debug|Any CPU
		{62DBB163-9CA9-4818-B48B-13233DF37C24}.Ad-Hoc|ARM.ActiveCfg = Debug|Any CPU
		{62DBB163-9CA9-4818-B48B-13233DF37C24}.Ad-Hoc|ARM.Build.0 = Debug|Any CPU
		{62DBB163-9CA9-4818-B48B-13233DF37C24}.Ad-Hoc|ARM.Deploy.0 = Debug|Any CPU
		{62DBB163-9CA9-4818-B48B-13233DF37C24}.Ad-Hoc|iPhone.ActiveCfg = Debug|Any CPU
		{62DBB163-9CA9-4818-B48B-13233DF37C24}.Ad-Hoc|iPhone.Build.0 = Debug|Any CPU
		{62DBB163-9CA9-4818-B48B-13233DF37C24}.Ad-Hoc|iPhone.Deploy.0 = Debug|Any CPU
		{62DBB163-9CA9-4818-B48B-13233DF37C24}.Ad-Hoc|iPhoneSimulator.ActiveCfg = Debug|Any CPU
		{62DBB163-9CA9-4818-B48B-13233DF37C24}.Ad-Hoc|iPhoneSimulator.Build.0 = Debug|Any CPU
		{62DBB163-9CA9-4818-B48B-13233DF37C24}.Ad-Hoc|iPhoneSimulator.Deploy.0 = Debug|Any CPU
		{62DBB163-9CA9-4818-B48B-13233DF37C24}.Ad-Hoc|x64.ActiveCfg = Debug|Any CPU
		{62DBB163-9CA9-4818-B48B-13233DF37C24}.Ad-Hoc|x64.Build.0 = Debug|Any CPU
		{62DBB163-9CA9-4818-B48B-13233DF37C24}.Ad-Hoc|x64.Deploy.0 = Debug|Any CPU
		{62DBB163-9CA9-4818-B48B-13233DF37C24}.Ad-Hoc|x86.ActiveCfg = Debug|Any CPU
		{62DBB163-9CA9-4818-B48B-13233DF37C24}.Ad-Hoc|x86.Build.0 = Debug|Any CPU
		{62DBB163-9CA9-4818-B48B-13233DF37C24}.Ad-Hoc|x86.Deploy.0 = Debug|Any CPU
		{62DBB163-9CA9-4818-B48B-13233DF37C24}.AppStore|Any CPU.ActiveCfg = Debug|Any CPU
		{62DBB163-9CA9-4818-B48B-13233DF37C24}.AppStore|Any CPU.Build.0 = Debug|Any CPU
		{62DBB163-9CA9-4818-B48B-13233DF37C24}.AppStore|Any CPU.Deploy.0 = Debug|Any CPU
		{62DBB163-9CA9-4818-B48B-13233DF37C24}.AppStore|ARM.ActiveCfg = Debug|Any CPU
		{62DBB163-9CA9-4818-B48B-13233DF37C24}.AppStore|ARM.Build.0 = Debug|Any CPU
		{62DBB163-9CA9-4818-B48B-13233DF37C24}.AppStore|ARM.Deploy.0 = Debug|Any CPU
		{62DBB163-9CA9-4818-B48B-13233DF37C24}.AppStore|iPhone.ActiveCfg = Debug|Any CPU
		{62DBB163-9CA9-4818-B48B-13233DF37C24}.AppStore|iPhone.Build.0 = Debug|Any CPU
		{62DBB163-9CA9-4818-B48B-13233DF37C24}.AppStore|iPhone.Deploy.0 = Debug|Any CPU
		{62DBB163-9CA9-4818-B48B-13233DF37C24}.AppStore|iPhoneSimulator.ActiveCfg = Debug|Any CPU
		{62DBB163-9CA9-4818-B48B-13233DF37C24}.AppStore|iPhoneSimulator.Build.0 = Debug|Any CPU
		{62DBB163-9CA9-4818-B48B-13233DF37C24}.AppStore|iPhoneSimulator.Deploy.0 = Debug|Any CPU
		{62DBB163-9CA9-4818-B48B-13233DF37C24}.AppStore|x64.ActiveCfg = Debug|Any CPU
		{62DBB163-9CA9-4818-B48B-13233DF37C24}.AppStore|x64.Build.0 = Debug|Any CPU
		{62DBB163-9CA9-4818-B48B-13233DF37C24}.AppStore|x64.Deploy.0 = Debug|Any CPU
		{62DBB163-9CA9-4818-B48B-13233DF37C24}.AppStore|x86.ActiveCfg = Debug|Any CPU
		{62DBB163-9CA9-4818-B48B-13233DF37C24}.AppStore|x86.Build.0 = Debug|Any CPU
		{62DBB163-9CA9-4818-B48B-13233DF37C24}.AppStore|x86.Deploy.0 = Debug|Any CPU
		{62DBB163-9CA9-4818-B48B-13233DF37C24}.Debug|Any CPU.ActiveCfg = Debug|Any CPU
		{62DBB163-9CA9-4818-B48B-13233DF37C24}.Debug|ARM.ActiveCfg = Debug|Any CPU
		{62DBB163-9CA9-4818-B48B-13233DF37C24}.Debug|ARM.Build.0 = Debug|Any CPU
		{62DBB163-9CA9-4818-B48B-13233DF37C24}.Debug|ARM.Deploy.0 = Debug|Any CPU
		{62DBB163-9CA9-4818-B48B-13233DF37C24}.Debug|iPhone.ActiveCfg = Debug|Any CPU
		{62DBB163-9CA9-4818-B48B-13233DF37C24}.Debug|iPhone.Build.0 = Debug|Any CPU
		{62DBB163-9CA9-4818-B48B-13233DF37C24}.Debug|iPhone.Deploy.0 = Debug|Any CPU
		{62DBB163-9CA9-4818-B48B-13233DF37C24}.Debug|iPhoneSimulator.ActiveCfg = Debug|Any CPU
		{62DBB163-9CA9-4818-B48B-13233DF37C24}.Debug|x64.ActiveCfg = Debug|Any CPU
		{62DBB163-9CA9-4818-B48B-13233DF37C24}.Debug|x64.Build.0 = Debug|Any CPU
		{62DBB163-9CA9-4818-B48B-13233DF37C24}.Debug|x64.Deploy.0 = Debug|Any CPU
		{62DBB163-9CA9-4818-B48B-13233DF37C24}.Debug|x86.ActiveCfg = Debug|Any CPU
		{62DBB163-9CA9-4818-B48B-13233DF37C24}.Debug|x86.Build.0 = Debug|Any CPU
		{62DBB163-9CA9-4818-B48B-13233DF37C24}.Debug|x86.Deploy.0 = Debug|Any CPU
		{62DBB163-9CA9-4818-B48B-13233DF37C24}.Release|Any CPU.ActiveCfg = Release|Any CPU
		{62DBB163-9CA9-4818-B48B-13233DF37C24}.Release|Any CPU.Build.0 = Release|Any CPU
		{62DBB163-9CA9-4818-B48B-13233DF37C24}.Release|Any CPU.Deploy.0 = Release|Any CPU
		{62DBB163-9CA9-4818-B48B-13233DF37C24}.Release|ARM.ActiveCfg = Release|Any CPU
		{62DBB163-9CA9-4818-B48B-13233DF37C24}.Release|ARM.Build.0 = Release|Any CPU
		{62DBB163-9CA9-4818-B48B-13233DF37C24}.Release|ARM.Deploy.0 = Release|Any CPU
		{62DBB163-9CA9-4818-B48B-13233DF37C24}.Release|iPhone.ActiveCfg = Release|Any CPU
		{62DBB163-9CA9-4818-B48B-13233DF37C24}.Release|iPhone.Build.0 = Release|Any CPU
		{62DBB163-9CA9-4818-B48B-13233DF37C24}.Release|iPhone.Deploy.0 = Release|Any CPU
		{62DBB163-9CA9-4818-B48B-13233DF37C24}.Release|iPhoneSimulator.ActiveCfg = Release|Any CPU
		{62DBB163-9CA9-4818-B48B-13233DF37C24}.Release|iPhoneSimulator.Build.0 = Release|Any CPU
		{62DBB163-9CA9-4818-B48B-13233DF37C24}.Release|iPhoneSimulator.Deploy.0 = Release|Any CPU
		{62DBB163-9CA9-4818-B48B-13233DF37C24}.Release|x64.ActiveCfg = Release|Any CPU
		{62DBB163-9CA9-4818-B48B-13233DF37C24}.Release|x64.Build.0 = Release|Any CPU
		{62DBB163-9CA9-4818-B48B-13233DF37C24}.Release|x64.Deploy.0 = Release|Any CPU
		{62DBB163-9CA9-4818-B48B-13233DF37C24}.Release|x86.ActiveCfg = Release|Any CPU
		{62DBB163-9CA9-4818-B48B-13233DF37C24}.Release|x86.Build.0 = Release|Any CPU
		{62DBB163-9CA9-4818-B48B-13233DF37C24}.Release|x86.Deploy.0 = Release|Any CPU
		{6EEB23DC-7063-4444-9AF8-90DF24F549C0}.Ad-Hoc|Any CPU.ActiveCfg = Debug|iPhoneSimulator
		{6EEB23DC-7063-4444-9AF8-90DF24F549C0}.Ad-Hoc|Any CPU.Build.0 = Debug|iPhoneSimulator
		{6EEB23DC-7063-4444-9AF8-90DF24F549C0}.Ad-Hoc|ARM.ActiveCfg = Debug|iPhoneSimulator
		{6EEB23DC-7063-4444-9AF8-90DF24F549C0}.Ad-Hoc|ARM.Build.0 = Debug|iPhoneSimulator
		{6EEB23DC-7063-4444-9AF8-90DF24F549C0}.Ad-Hoc|iPhone.ActiveCfg = Debug|iPhone
		{6EEB23DC-7063-4444-9AF8-90DF24F549C0}.Ad-Hoc|iPhone.Build.0 = Debug|iPhone
		{6EEB23DC-7063-4444-9AF8-90DF24F549C0}.Ad-Hoc|iPhoneSimulator.ActiveCfg = Debug|iPhoneSimulator
		{6EEB23DC-7063-4444-9AF8-90DF24F549C0}.Ad-Hoc|iPhoneSimulator.Build.0 = Debug|iPhoneSimulator
		{6EEB23DC-7063-4444-9AF8-90DF24F549C0}.Ad-Hoc|x64.ActiveCfg = Debug|iPhoneSimulator
		{6EEB23DC-7063-4444-9AF8-90DF24F549C0}.Ad-Hoc|x64.Build.0 = Debug|iPhoneSimulator
		{6EEB23DC-7063-4444-9AF8-90DF24F549C0}.Ad-Hoc|x86.ActiveCfg = Debug|iPhoneSimulator
		{6EEB23DC-7063-4444-9AF8-90DF24F549C0}.Ad-Hoc|x86.Build.0 = Debug|iPhoneSimulator
		{6EEB23DC-7063-4444-9AF8-90DF24F549C0}.AppStore|Any CPU.ActiveCfg = Debug|iPhoneSimulator
		{6EEB23DC-7063-4444-9AF8-90DF24F549C0}.AppStore|Any CPU.Build.0 = Debug|iPhoneSimulator
		{6EEB23DC-7063-4444-9AF8-90DF24F549C0}.AppStore|ARM.ActiveCfg = Debug|iPhoneSimulator
		{6EEB23DC-7063-4444-9AF8-90DF24F549C0}.AppStore|ARM.Build.0 = Debug|iPhoneSimulator
		{6EEB23DC-7063-4444-9AF8-90DF24F549C0}.AppStore|iPhone.ActiveCfg = Debug|iPhone
		{6EEB23DC-7063-4444-9AF8-90DF24F549C0}.AppStore|iPhone.Build.0 = Debug|iPhone
		{6EEB23DC-7063-4444-9AF8-90DF24F549C0}.AppStore|iPhoneSimulator.ActiveCfg = Debug|iPhoneSimulator
		{6EEB23DC-7063-4444-9AF8-90DF24F549C0}.AppStore|iPhoneSimulator.Build.0 = Debug|iPhoneSimulator
		{6EEB23DC-7063-4444-9AF8-90DF24F549C0}.AppStore|x64.ActiveCfg = Debug|iPhoneSimulator
		{6EEB23DC-7063-4444-9AF8-90DF24F549C0}.AppStore|x64.Build.0 = Debug|iPhoneSimulator
		{6EEB23DC-7063-4444-9AF8-90DF24F549C0}.AppStore|x86.ActiveCfg = Debug|iPhoneSimulator
		{6EEB23DC-7063-4444-9AF8-90DF24F549C0}.AppStore|x86.Build.0 = Debug|iPhoneSimulator
		{6EEB23DC-7063-4444-9AF8-90DF24F549C0}.Debug|Any CPU.ActiveCfg = Debug|iPhone
		{6EEB23DC-7063-4444-9AF8-90DF24F549C0}.Debug|Any CPU.Build.0 = Debug|iPhone
		{6EEB23DC-7063-4444-9AF8-90DF24F549C0}.Debug|Any CPU.Deploy.0 = Debug|iPhone
		{6EEB23DC-7063-4444-9AF8-90DF24F549C0}.Debug|ARM.ActiveCfg = Debug|iPhoneSimulator
		{6EEB23DC-7063-4444-9AF8-90DF24F549C0}.Debug|ARM.Build.0 = Debug|iPhoneSimulator
		{6EEB23DC-7063-4444-9AF8-90DF24F549C0}.Debug|ARM.Deploy.0 = Debug|iPhoneSimulator
		{6EEB23DC-7063-4444-9AF8-90DF24F549C0}.Debug|iPhone.ActiveCfg = Debug|iPhone
		{6EEB23DC-7063-4444-9AF8-90DF24F549C0}.Debug|iPhone.Build.0 = Debug|iPhone
		{6EEB23DC-7063-4444-9AF8-90DF24F549C0}.Debug|iPhone.Deploy.0 = Debug|iPhone
		{6EEB23DC-7063-4444-9AF8-90DF24F549C0}.Debug|iPhoneSimulator.ActiveCfg = Debug|iPhoneSimulator
		{6EEB23DC-7063-4444-9AF8-90DF24F549C0}.Debug|iPhoneSimulator.Build.0 = Debug|iPhoneSimulator
		{6EEB23DC-7063-4444-9AF8-90DF24F549C0}.Debug|iPhoneSimulator.Deploy.0 = Debug|iPhoneSimulator
		{6EEB23DC-7063-4444-9AF8-90DF24F549C0}.Debug|x64.ActiveCfg = Debug|iPhoneSimulator
		{6EEB23DC-7063-4444-9AF8-90DF24F549C0}.Debug|x64.Build.0 = Debug|iPhoneSimulator
		{6EEB23DC-7063-4444-9AF8-90DF24F549C0}.Debug|x64.Deploy.0 = Debug|iPhoneSimulator
		{6EEB23DC-7063-4444-9AF8-90DF24F549C0}.Debug|x86.ActiveCfg = Debug|iPhoneSimulator
		{6EEB23DC-7063-4444-9AF8-90DF24F549C0}.Debug|x86.Build.0 = Debug|iPhoneSimulator
		{6EEB23DC-7063-4444-9AF8-90DF24F549C0}.Debug|x86.Deploy.0 = Debug|iPhoneSimulator
		{6EEB23DC-7063-4444-9AF8-90DF24F549C0}.Release|Any CPU.ActiveCfg = Release|iPhoneSimulator
		{6EEB23DC-7063-4444-9AF8-90DF24F549C0}.Release|ARM.ActiveCfg = Release|iPhoneSimulator
		{6EEB23DC-7063-4444-9AF8-90DF24F549C0}.Release|iPhone.ActiveCfg = Release|iPhone
		{6EEB23DC-7063-4444-9AF8-90DF24F549C0}.Release|iPhone.Build.0 = Release|iPhone
		{6EEB23DC-7063-4444-9AF8-90DF24F549C0}.Release|iPhoneSimulator.ActiveCfg = Release|iPhoneSimulator
		{6EEB23DC-7063-4444-9AF8-90DF24F549C0}.Release|iPhoneSimulator.Build.0 = Release|iPhoneSimulator
		{6EEB23DC-7063-4444-9AF8-90DF24F549C0}.Release|x64.ActiveCfg = Release|iPhoneSimulator
		{6EEB23DC-7063-4444-9AF8-90DF24F549C0}.Release|x86.ActiveCfg = Release|iPhoneSimulator
		{1C8EC3BC-6307-45FB-9CCA-8EDD44377919}.Ad-Hoc|Any CPU.ActiveCfg = Debug|Any CPU
		{1C8EC3BC-6307-45FB-9CCA-8EDD44377919}.Ad-Hoc|Any CPU.Build.0 = Debug|Any CPU
		{1C8EC3BC-6307-45FB-9CCA-8EDD44377919}.Ad-Hoc|ARM.ActiveCfg = Debug|Any CPU
		{1C8EC3BC-6307-45FB-9CCA-8EDD44377919}.Ad-Hoc|ARM.Build.0 = Debug|Any CPU
		{1C8EC3BC-6307-45FB-9CCA-8EDD44377919}.Ad-Hoc|iPhone.ActiveCfg = Debug|Any CPU
		{1C8EC3BC-6307-45FB-9CCA-8EDD44377919}.Ad-Hoc|iPhone.Build.0 = Debug|Any CPU
		{1C8EC3BC-6307-45FB-9CCA-8EDD44377919}.Ad-Hoc|iPhoneSimulator.ActiveCfg = Debug|Any CPU
		{1C8EC3BC-6307-45FB-9CCA-8EDD44377919}.Ad-Hoc|iPhoneSimulator.Build.0 = Debug|Any CPU
		{1C8EC3BC-6307-45FB-9CCA-8EDD44377919}.Ad-Hoc|x64.ActiveCfg = Debug|Any CPU
		{1C8EC3BC-6307-45FB-9CCA-8EDD44377919}.Ad-Hoc|x64.Build.0 = Debug|Any CPU
		{1C8EC3BC-6307-45FB-9CCA-8EDD44377919}.Ad-Hoc|x86.ActiveCfg = Debug|Any CPU
		{1C8EC3BC-6307-45FB-9CCA-8EDD44377919}.Ad-Hoc|x86.Build.0 = Debug|Any CPU
		{1C8EC3BC-6307-45FB-9CCA-8EDD44377919}.AppStore|Any CPU.ActiveCfg = Debug|Any CPU
		{1C8EC3BC-6307-45FB-9CCA-8EDD44377919}.AppStore|Any CPU.Build.0 = Debug|Any CPU
		{1C8EC3BC-6307-45FB-9CCA-8EDD44377919}.AppStore|ARM.ActiveCfg = Debug|Any CPU
		{1C8EC3BC-6307-45FB-9CCA-8EDD44377919}.AppStore|ARM.Build.0 = Debug|Any CPU
		{1C8EC3BC-6307-45FB-9CCA-8EDD44377919}.AppStore|iPhone.ActiveCfg = Debug|Any CPU
		{1C8EC3BC-6307-45FB-9CCA-8EDD44377919}.AppStore|iPhone.Build.0 = Debug|Any CPU
		{1C8EC3BC-6307-45FB-9CCA-8EDD44377919}.AppStore|iPhoneSimulator.ActiveCfg = Debug|Any CPU
		{1C8EC3BC-6307-45FB-9CCA-8EDD44377919}.AppStore|iPhoneSimulator.Build.0 = Debug|Any CPU
		{1C8EC3BC-6307-45FB-9CCA-8EDD44377919}.AppStore|x64.ActiveCfg = Debug|Any CPU
		{1C8EC3BC-6307-45FB-9CCA-8EDD44377919}.AppStore|x64.Build.0 = Debug|Any CPU
		{1C8EC3BC-6307-45FB-9CCA-8EDD44377919}.AppStore|x86.ActiveCfg = Debug|Any CPU
		{1C8EC3BC-6307-45FB-9CCA-8EDD44377919}.AppStore|x86.Build.0 = Debug|Any CPU
		{1C8EC3BC-6307-45FB-9CCA-8EDD44377919}.Debug|Any CPU.ActiveCfg = Debug|Any CPU
		{1C8EC3BC-6307-45FB-9CCA-8EDD44377919}.Debug|Any CPU.Build.0 = Debug|Any CPU
		{1C8EC3BC-6307-45FB-9CCA-8EDD44377919}.Debug|ARM.ActiveCfg = Debug|Any CPU
		{1C8EC3BC-6307-45FB-9CCA-8EDD44377919}.Debug|ARM.Build.0 = Debug|Any CPU
		{1C8EC3BC-6307-45FB-9CCA-8EDD44377919}.Debug|iPhone.ActiveCfg = Debug|Any CPU
		{1C8EC3BC-6307-45FB-9CCA-8EDD44377919}.Debug|iPhone.Build.0 = Debug|Any CPU
		{1C8EC3BC-6307-45FB-9CCA-8EDD44377919}.Debug|iPhoneSimulator.ActiveCfg = Debug|Any CPU
		{1C8EC3BC-6307-45FB-9CCA-8EDD44377919}.Debug|iPhoneSimulator.Build.0 = Debug|Any CPU
		{1C8EC3BC-6307-45FB-9CCA-8EDD44377919}.Debug|x64.ActiveCfg = Debug|Any CPU
		{1C8EC3BC-6307-45FB-9CCA-8EDD44377919}.Debug|x64.Build.0 = Debug|Any CPU
		{1C8EC3BC-6307-45FB-9CCA-8EDD44377919}.Debug|x86.ActiveCfg = Debug|Any CPU
		{1C8EC3BC-6307-45FB-9CCA-8EDD44377919}.Debug|x86.Build.0 = Debug|Any CPU
		{1C8EC3BC-6307-45FB-9CCA-8EDD44377919}.Release|Any CPU.ActiveCfg = Release|Any CPU
		{1C8EC3BC-6307-45FB-9CCA-8EDD44377919}.Release|Any CPU.Build.0 = Release|Any CPU
		{1C8EC3BC-6307-45FB-9CCA-8EDD44377919}.Release|ARM.ActiveCfg = Release|Any CPU
		{1C8EC3BC-6307-45FB-9CCA-8EDD44377919}.Release|ARM.Build.0 = Release|Any CPU
		{1C8EC3BC-6307-45FB-9CCA-8EDD44377919}.Release|iPhone.ActiveCfg = Release|Any CPU
		{1C8EC3BC-6307-45FB-9CCA-8EDD44377919}.Release|iPhone.Build.0 = Release|Any CPU
		{1C8EC3BC-6307-45FB-9CCA-8EDD44377919}.Release|iPhoneSimulator.ActiveCfg = Release|Any CPU
		{1C8EC3BC-6307-45FB-9CCA-8EDD44377919}.Release|iPhoneSimulator.Build.0 = Release|Any CPU
		{1C8EC3BC-6307-45FB-9CCA-8EDD44377919}.Release|x64.ActiveCfg = Release|Any CPU
		{1C8EC3BC-6307-45FB-9CCA-8EDD44377919}.Release|x64.Build.0 = Release|Any CPU
		{1C8EC3BC-6307-45FB-9CCA-8EDD44377919}.Release|x86.ActiveCfg = Release|Any CPU
		{1C8EC3BC-6307-45FB-9CCA-8EDD44377919}.Release|x86.Build.0 = Release|Any CPU
		{DBA33CB6-862A-45FA-A017-423442726534}.Ad-Hoc|Any CPU.ActiveCfg = Debug|Any CPU
		{DBA33CB6-862A-45FA-A017-423442726534}.Ad-Hoc|Any CPU.Build.0 = Debug|Any CPU
		{DBA33CB6-862A-45FA-A017-423442726534}.Ad-Hoc|ARM.ActiveCfg = Debug|Any CPU
		{DBA33CB6-862A-45FA-A017-423442726534}.Ad-Hoc|ARM.Build.0 = Debug|Any CPU
		{DBA33CB6-862A-45FA-A017-423442726534}.Ad-Hoc|iPhone.ActiveCfg = Debug|Any CPU
		{DBA33CB6-862A-45FA-A017-423442726534}.Ad-Hoc|iPhone.Build.0 = Debug|Any CPU
		{DBA33CB6-862A-45FA-A017-423442726534}.Ad-Hoc|iPhoneSimulator.ActiveCfg = Debug|Any CPU
		{DBA33CB6-862A-45FA-A017-423442726534}.Ad-Hoc|iPhoneSimulator.Build.0 = Debug|Any CPU
		{DBA33CB6-862A-45FA-A017-423442726534}.Ad-Hoc|x64.ActiveCfg = Debug|Any CPU
		{DBA33CB6-862A-45FA-A017-423442726534}.Ad-Hoc|x64.Build.0 = Debug|Any CPU
		{DBA33CB6-862A-45FA-A017-423442726534}.Ad-Hoc|x86.ActiveCfg = Debug|Any CPU
		{DBA33CB6-862A-45FA-A017-423442726534}.Ad-Hoc|x86.Build.0 = Debug|Any CPU
		{DBA33CB6-862A-45FA-A017-423442726534}.AppStore|Any CPU.ActiveCfg = Debug|Any CPU
		{DBA33CB6-862A-45FA-A017-423442726534}.AppStore|Any CPU.Build.0 = Debug|Any CPU
		{DBA33CB6-862A-45FA-A017-423442726534}.AppStore|ARM.ActiveCfg = Debug|Any CPU
		{DBA33CB6-862A-45FA-A017-423442726534}.AppStore|ARM.Build.0 = Debug|Any CPU
		{DBA33CB6-862A-45FA-A017-423442726534}.AppStore|iPhone.ActiveCfg = Debug|Any CPU
		{DBA33CB6-862A-45FA-A017-423442726534}.AppStore|iPhone.Build.0 = Debug|Any CPU
		{DBA33CB6-862A-45FA-A017-423442726534}.AppStore|iPhoneSimulator.ActiveCfg = Debug|Any CPU
		{DBA33CB6-862A-45FA-A017-423442726534}.AppStore|iPhoneSimulator.Build.0 = Debug|Any CPU
		{DBA33CB6-862A-45FA-A017-423442726534}.AppStore|x64.ActiveCfg = Debug|Any CPU
		{DBA33CB6-862A-45FA-A017-423442726534}.AppStore|x64.Build.0 = Debug|Any CPU
		{DBA33CB6-862A-45FA-A017-423442726534}.AppStore|x86.ActiveCfg = Debug|Any CPU
		{DBA33CB6-862A-45FA-A017-423442726534}.AppStore|x86.Build.0 = Debug|Any CPU
		{DBA33CB6-862A-45FA-A017-423442726534}.Debug|Any CPU.ActiveCfg = Debug|Any CPU
		{DBA33CB6-862A-45FA-A017-423442726534}.Debug|Any CPU.Build.0 = Debug|Any CPU
		{DBA33CB6-862A-45FA-A017-423442726534}.Debug|ARM.ActiveCfg = Debug|Any CPU
		{DBA33CB6-862A-45FA-A017-423442726534}.Debug|ARM.Build.0 = Debug|Any CPU
		{DBA33CB6-862A-45FA-A017-423442726534}.Debug|iPhone.ActiveCfg = Debug|Any CPU
		{DBA33CB6-862A-45FA-A017-423442726534}.Debug|iPhone.Build.0 = Debug|Any CPU
		{DBA33CB6-862A-45FA-A017-423442726534}.Debug|iPhoneSimulator.ActiveCfg = Debug|Any CPU
		{DBA33CB6-862A-45FA-A017-423442726534}.Debug|iPhoneSimulator.Build.0 = Debug|Any CPU
		{DBA33CB6-862A-45FA-A017-423442726534}.Debug|x64.ActiveCfg = Debug|Any CPU
		{DBA33CB6-862A-45FA-A017-423442726534}.Debug|x64.Build.0 = Debug|Any CPU
		{DBA33CB6-862A-45FA-A017-423442726534}.Debug|x86.ActiveCfg = Debug|Any CPU
		{DBA33CB6-862A-45FA-A017-423442726534}.Debug|x86.Build.0 = Debug|Any CPU
		{DBA33CB6-862A-45FA-A017-423442726534}.Release|Any CPU.ActiveCfg = Release|Any CPU
		{DBA33CB6-862A-45FA-A017-423442726534}.Release|Any CPU.Build.0 = Release|Any CPU
		{DBA33CB6-862A-45FA-A017-423442726534}.Release|ARM.ActiveCfg = Release|Any CPU
		{DBA33CB6-862A-45FA-A017-423442726534}.Release|ARM.Build.0 = Release|Any CPU
		{DBA33CB6-862A-45FA-A017-423442726534}.Release|iPhone.ActiveCfg = Release|Any CPU
		{DBA33CB6-862A-45FA-A017-423442726534}.Release|iPhone.Build.0 = Release|Any CPU
		{DBA33CB6-862A-45FA-A017-423442726534}.Release|iPhoneSimulator.ActiveCfg = Release|Any CPU
		{DBA33CB6-862A-45FA-A017-423442726534}.Release|iPhoneSimulator.Build.0 = Release|Any CPU
		{DBA33CB6-862A-45FA-A017-423442726534}.Release|x64.ActiveCfg = Release|Any CPU
		{DBA33CB6-862A-45FA-A017-423442726534}.Release|x64.Build.0 = Release|Any CPU
		{DBA33CB6-862A-45FA-A017-423442726534}.Release|x86.ActiveCfg = Release|Any CPU
		{DBA33CB6-862A-45FA-A017-423442726534}.Release|x86.Build.0 = Release|Any CPU
		{C3C1E2CF-B1F7-4654-BBDC-50143DB22E0B}.Ad-Hoc|Any CPU.ActiveCfg = Debug|ARM
		{C3C1E2CF-B1F7-4654-BBDC-50143DB22E0B}.Ad-Hoc|Any CPU.Build.0 = Debug|ARM
		{C3C1E2CF-B1F7-4654-BBDC-50143DB22E0B}.Ad-Hoc|Any CPU.Deploy.0 = Debug|ARM
		{C3C1E2CF-B1F7-4654-BBDC-50143DB22E0B}.Ad-Hoc|ARM.ActiveCfg = Debug|ARM
		{C3C1E2CF-B1F7-4654-BBDC-50143DB22E0B}.Ad-Hoc|ARM.Build.0 = Debug|ARM
		{C3C1E2CF-B1F7-4654-BBDC-50143DB22E0B}.Ad-Hoc|ARM.Deploy.0 = Debug|ARM
		{C3C1E2CF-B1F7-4654-BBDC-50143DB22E0B}.Ad-Hoc|iPhone.ActiveCfg = Debug|ARM
		{C3C1E2CF-B1F7-4654-BBDC-50143DB22E0B}.Ad-Hoc|iPhone.Build.0 = Debug|ARM
		{C3C1E2CF-B1F7-4654-BBDC-50143DB22E0B}.Ad-Hoc|iPhone.Deploy.0 = Debug|ARM
		{C3C1E2CF-B1F7-4654-BBDC-50143DB22E0B}.Ad-Hoc|iPhoneSimulator.ActiveCfg = Debug|ARM
		{C3C1E2CF-B1F7-4654-BBDC-50143DB22E0B}.Ad-Hoc|iPhoneSimulator.Build.0 = Debug|ARM
		{C3C1E2CF-B1F7-4654-BBDC-50143DB22E0B}.Ad-Hoc|iPhoneSimulator.Deploy.0 = Debug|ARM
		{C3C1E2CF-B1F7-4654-BBDC-50143DB22E0B}.Ad-Hoc|x64.ActiveCfg = Debug|x64
		{C3C1E2CF-B1F7-4654-BBDC-50143DB22E0B}.Ad-Hoc|x64.Build.0 = Debug|x64
		{C3C1E2CF-B1F7-4654-BBDC-50143DB22E0B}.Ad-Hoc|x64.Deploy.0 = Debug|x64
		{C3C1E2CF-B1F7-4654-BBDC-50143DB22E0B}.Ad-Hoc|x86.ActiveCfg = Debug|x86
		{C3C1E2CF-B1F7-4654-BBDC-50143DB22E0B}.Ad-Hoc|x86.Build.0 = Debug|x86
		{C3C1E2CF-B1F7-4654-BBDC-50143DB22E0B}.Ad-Hoc|x86.Deploy.0 = Debug|x86
		{C3C1E2CF-B1F7-4654-BBDC-50143DB22E0B}.AppStore|Any CPU.ActiveCfg = Debug|ARM
		{C3C1E2CF-B1F7-4654-BBDC-50143DB22E0B}.AppStore|Any CPU.Build.0 = Debug|ARM
		{C3C1E2CF-B1F7-4654-BBDC-50143DB22E0B}.AppStore|Any CPU.Deploy.0 = Debug|ARM
		{C3C1E2CF-B1F7-4654-BBDC-50143DB22E0B}.AppStore|ARM.ActiveCfg = Debug|ARM
		{C3C1E2CF-B1F7-4654-BBDC-50143DB22E0B}.AppStore|ARM.Build.0 = Debug|ARM
		{C3C1E2CF-B1F7-4654-BBDC-50143DB22E0B}.AppStore|ARM.Deploy.0 = Debug|ARM
		{C3C1E2CF-B1F7-4654-BBDC-50143DB22E0B}.AppStore|iPhone.ActiveCfg = Debug|ARM
		{C3C1E2CF-B1F7-4654-BBDC-50143DB22E0B}.AppStore|iPhone.Build.0 = Debug|ARM
		{C3C1E2CF-B1F7-4654-BBDC-50143DB22E0B}.AppStore|iPhone.Deploy.0 = Debug|ARM
		{C3C1E2CF-B1F7-4654-BBDC-50143DB22E0B}.AppStore|iPhoneSimulator.ActiveCfg = Debug|ARM
		{C3C1E2CF-B1F7-4654-BBDC-50143DB22E0B}.AppStore|iPhoneSimulator.Build.0 = Debug|ARM
		{C3C1E2CF-B1F7-4654-BBDC-50143DB22E0B}.AppStore|iPhoneSimulator.Deploy.0 = Debug|ARM
		{C3C1E2CF-B1F7-4654-BBDC-50143DB22E0B}.AppStore|x64.ActiveCfg = Debug|x64
		{C3C1E2CF-B1F7-4654-BBDC-50143DB22E0B}.AppStore|x64.Build.0 = Debug|x64
		{C3C1E2CF-B1F7-4654-BBDC-50143DB22E0B}.AppStore|x64.Deploy.0 = Debug|x64
		{C3C1E2CF-B1F7-4654-BBDC-50143DB22E0B}.AppStore|x86.ActiveCfg = Debug|x86
		{C3C1E2CF-B1F7-4654-BBDC-50143DB22E0B}.AppStore|x86.Build.0 = Debug|x86
		{C3C1E2CF-B1F7-4654-BBDC-50143DB22E0B}.AppStore|x86.Deploy.0 = Debug|x86
		{C3C1E2CF-B1F7-4654-BBDC-50143DB22E0B}.Debug|Any CPU.ActiveCfg = Debug|x86
		{C3C1E2CF-B1F7-4654-BBDC-50143DB22E0B}.Debug|Any CPU.Build.0 = Debug|x86
		{C3C1E2CF-B1F7-4654-BBDC-50143DB22E0B}.Debug|Any CPU.Deploy.0 = Debug|x86
		{C3C1E2CF-B1F7-4654-BBDC-50143DB22E0B}.Debug|ARM.ActiveCfg = Debug|ARM
		{C3C1E2CF-B1F7-4654-BBDC-50143DB22E0B}.Debug|ARM.Build.0 = Debug|ARM
		{C3C1E2CF-B1F7-4654-BBDC-50143DB22E0B}.Debug|ARM.Deploy.0 = Debug|ARM
		{C3C1E2CF-B1F7-4654-BBDC-50143DB22E0B}.Debug|iPhone.ActiveCfg = Debug|x86
		{C3C1E2CF-B1F7-4654-BBDC-50143DB22E0B}.Debug|iPhoneSimulator.ActiveCfg = Debug|x86
		{C3C1E2CF-B1F7-4654-BBDC-50143DB22E0B}.Debug|iPhoneSimulator.Build.0 = Debug|x86
		{C3C1E2CF-B1F7-4654-BBDC-50143DB22E0B}.Debug|iPhoneSimulator.Deploy.0 = Debug|x86
		{C3C1E2CF-B1F7-4654-BBDC-50143DB22E0B}.Debug|x64.ActiveCfg = Debug|x64
		{C3C1E2CF-B1F7-4654-BBDC-50143DB22E0B}.Debug|x64.Build.0 = Debug|x64
		{C3C1E2CF-B1F7-4654-BBDC-50143DB22E0B}.Debug|x64.Deploy.0 = Debug|x64
		{C3C1E2CF-B1F7-4654-BBDC-50143DB22E0B}.Debug|x86.ActiveCfg = Debug|x86
		{C3C1E2CF-B1F7-4654-BBDC-50143DB22E0B}.Debug|x86.Build.0 = Debug|x86
		{C3C1E2CF-B1F7-4654-BBDC-50143DB22E0B}.Debug|x86.Deploy.0 = Debug|x86
		{C3C1E2CF-B1F7-4654-BBDC-50143DB22E0B}.Release|Any CPU.ActiveCfg = Release|x86
		{C3C1E2CF-B1F7-4654-BBDC-50143DB22E0B}.Release|ARM.ActiveCfg = Release|ARM
		{C3C1E2CF-B1F7-4654-BBDC-50143DB22E0B}.Release|ARM.Build.0 = Release|ARM
		{C3C1E2CF-B1F7-4654-BBDC-50143DB22E0B}.Release|ARM.Deploy.0 = Release|ARM
		{C3C1E2CF-B1F7-4654-BBDC-50143DB22E0B}.Release|iPhone.ActiveCfg = Release|x86
		{C3C1E2CF-B1F7-4654-BBDC-50143DB22E0B}.Release|iPhoneSimulator.ActiveCfg = Release|x86
		{C3C1E2CF-B1F7-4654-BBDC-50143DB22E0B}.Release|x64.ActiveCfg = Release|x64
		{C3C1E2CF-B1F7-4654-BBDC-50143DB22E0B}.Release|x64.Build.0 = Release|x64
		{C3C1E2CF-B1F7-4654-BBDC-50143DB22E0B}.Release|x64.Deploy.0 = Release|x64
		{C3C1E2CF-B1F7-4654-BBDC-50143DB22E0B}.Release|x86.ActiveCfg = Release|x86
		{C3C1E2CF-B1F7-4654-BBDC-50143DB22E0B}.Release|x86.Build.0 = Release|x86
		{C3C1E2CF-B1F7-4654-BBDC-50143DB22E0B}.Release|x86.Deploy.0 = Release|x86
		{DB6E750C-1774-433D-9DAF-634D67F14EA6}.Ad-Hoc|Any CPU.ActiveCfg = Debug|Any CPU
		{DB6E750C-1774-433D-9DAF-634D67F14EA6}.Ad-Hoc|Any CPU.Build.0 = Debug|Any CPU
		{DB6E750C-1774-433D-9DAF-634D67F14EA6}.Ad-Hoc|ARM.ActiveCfg = Debug|Any CPU
		{DB6E750C-1774-433D-9DAF-634D67F14EA6}.Ad-Hoc|ARM.Build.0 = Debug|Any CPU
		{DB6E750C-1774-433D-9DAF-634D67F14EA6}.Ad-Hoc|iPhone.ActiveCfg = Debug|Any CPU
		{DB6E750C-1774-433D-9DAF-634D67F14EA6}.Ad-Hoc|iPhone.Build.0 = Debug|Any CPU
		{DB6E750C-1774-433D-9DAF-634D67F14EA6}.Ad-Hoc|iPhoneSimulator.ActiveCfg = Debug|Any CPU
		{DB6E750C-1774-433D-9DAF-634D67F14EA6}.Ad-Hoc|iPhoneSimulator.Build.0 = Debug|Any CPU
		{DB6E750C-1774-433D-9DAF-634D67F14EA6}.Ad-Hoc|x64.ActiveCfg = Debug|Any CPU
		{DB6E750C-1774-433D-9DAF-634D67F14EA6}.Ad-Hoc|x64.Build.0 = Debug|Any CPU
		{DB6E750C-1774-433D-9DAF-634D67F14EA6}.Ad-Hoc|x86.ActiveCfg = Debug|Any CPU
		{DB6E750C-1774-433D-9DAF-634D67F14EA6}.Ad-Hoc|x86.Build.0 = Debug|Any CPU
		{DB6E750C-1774-433D-9DAF-634D67F14EA6}.AppStore|Any CPU.ActiveCfg = Debug|Any CPU
		{DB6E750C-1774-433D-9DAF-634D67F14EA6}.AppStore|Any CPU.Build.0 = Debug|Any CPU
		{DB6E750C-1774-433D-9DAF-634D67F14EA6}.AppStore|ARM.ActiveCfg = Debug|Any CPU
		{DB6E750C-1774-433D-9DAF-634D67F14EA6}.AppStore|ARM.Build.0 = Debug|Any CPU
		{DB6E750C-1774-433D-9DAF-634D67F14EA6}.AppStore|iPhone.ActiveCfg = Debug|Any CPU
		{DB6E750C-1774-433D-9DAF-634D67F14EA6}.AppStore|iPhone.Build.0 = Debug|Any CPU
		{DB6E750C-1774-433D-9DAF-634D67F14EA6}.AppStore|iPhoneSimulator.ActiveCfg = Debug|Any CPU
		{DB6E750C-1774-433D-9DAF-634D67F14EA6}.AppStore|iPhoneSimulator.Build.0 = Debug|Any CPU
		{DB6E750C-1774-433D-9DAF-634D67F14EA6}.AppStore|x64.ActiveCfg = Debug|Any CPU
		{DB6E750C-1774-433D-9DAF-634D67F14EA6}.AppStore|x64.Build.0 = Debug|Any CPU
		{DB6E750C-1774-433D-9DAF-634D67F14EA6}.AppStore|x86.ActiveCfg = Debug|Any CPU
		{DB6E750C-1774-433D-9DAF-634D67F14EA6}.AppStore|x86.Build.0 = Debug|Any CPU
		{DB6E750C-1774-433D-9DAF-634D67F14EA6}.Debug|Any CPU.ActiveCfg = Debug|Any CPU
		{DB6E750C-1774-433D-9DAF-634D67F14EA6}.Debug|Any CPU.Build.0 = Debug|Any CPU
		{DB6E750C-1774-433D-9DAF-634D67F14EA6}.Debug|ARM.ActiveCfg = Debug|Any CPU
		{DB6E750C-1774-433D-9DAF-634D67F14EA6}.Debug|ARM.Build.0 = Debug|Any CPU
		{DB6E750C-1774-433D-9DAF-634D67F14EA6}.Debug|iPhone.ActiveCfg = Debug|Any CPU
		{DB6E750C-1774-433D-9DAF-634D67F14EA6}.Debug|iPhone.Build.0 = Debug|Any CPU
		{DB6E750C-1774-433D-9DAF-634D67F14EA6}.Debug|iPhoneSimulator.ActiveCfg = Debug|Any CPU
		{DB6E750C-1774-433D-9DAF-634D67F14EA6}.Debug|iPhoneSimulator.Build.0 = Debug|Any CPU
		{DB6E750C-1774-433D-9DAF-634D67F14EA6}.Debug|x64.ActiveCfg = Debug|Any CPU
		{DB6E750C-1774-433D-9DAF-634D67F14EA6}.Debug|x64.Build.0 = Debug|Any CPU
		{DB6E750C-1774-433D-9DAF-634D67F14EA6}.Debug|x86.ActiveCfg = Debug|Any CPU
		{DB6E750C-1774-433D-9DAF-634D67F14EA6}.Debug|x86.Build.0 = Debug|Any CPU
		{DB6E750C-1774-433D-9DAF-634D67F14EA6}.Release|Any CPU.ActiveCfg = Release|Any CPU
		{DB6E750C-1774-433D-9DAF-634D67F14EA6}.Release|Any CPU.Build.0 = Release|Any CPU
		{DB6E750C-1774-433D-9DAF-634D67F14EA6}.Release|ARM.ActiveCfg = Release|Any CPU
		{DB6E750C-1774-433D-9DAF-634D67F14EA6}.Release|ARM.Build.0 = Release|Any CPU
		{DB6E750C-1774-433D-9DAF-634D67F14EA6}.Release|iPhone.ActiveCfg = Release|Any CPU
		{DB6E750C-1774-433D-9DAF-634D67F14EA6}.Release|iPhone.Build.0 = Release|Any CPU
		{DB6E750C-1774-433D-9DAF-634D67F14EA6}.Release|iPhoneSimulator.ActiveCfg = Release|Any CPU
		{DB6E750C-1774-433D-9DAF-634D67F14EA6}.Release|iPhoneSimulator.Build.0 = Release|Any CPU
		{DB6E750C-1774-433D-9DAF-634D67F14EA6}.Release|x64.ActiveCfg = Release|Any CPU
		{DB6E750C-1774-433D-9DAF-634D67F14EA6}.Release|x64.Build.0 = Release|Any CPU
		{DB6E750C-1774-433D-9DAF-634D67F14EA6}.Release|x86.ActiveCfg = Release|Any CPU
		{DB6E750C-1774-433D-9DAF-634D67F14EA6}.Release|x86.Build.0 = Release|Any CPU
	EndGlobalSection
	GlobalSection(SolutionProperties) = preSolution
		HideSolutionNode = FALSE
	EndGlobalSection
	GlobalSection(ExtensibilityGlobals) = postSolution
		SolutionGuid = {8A9E878A-C296-4615-97AB-7A4505148872}
	EndGlobalSection
EndGlobal
